
Microsoft Visual Studio Solution File, Format Version 12.00
# Visual Studio 15
VisualStudioVersion = 15.0.28010.2016
MinimumVisualStudioVersion = 10.0.40219.1
Project("{FAE04EC0-301F-11D3-BF4B-00C04F79EFBC}") = "MixologyJournalApp.UWP", "MixologyJournalApp.UWP.csproj", "{5205DBC9-1CCD-4526-AB8C-B7483C7947C0}"
EndProject
Project("{FAE04EC0-301F-11D3-BF4B-00C04F79EFBC}") = "MixologyJournalApp.Droid", "..\MixologyJournalApp\MixologyJournalApp.Droid\MixologyJournalApp.Droid.csproj", "{F587F6A9-DDD1-4BA2-AECF-3A7D8803B325}"
EndProject
Project("{FAE04EC0-301F-11D3-BF4B-00C04F79EFBC}") = "MixologyJournalApp", "..\MixologyJournalApp\MixologyJournalApp\MixologyJournalApp.csproj", "{F95EE3DC-ED8D-4DEA-B3EB-56925C07351E}"
EndProject
Project("{FAE04EC0-301F-11D3-BF4B-00C04F79EFBC}") = "MixologyJournalApp.Test", "..\MixologyJournalApp.Test\MixologyJournalApp.Test.csproj", "{73F29F1F-D94D-4460-9551-1393F61F7CAF}"
EndProject
Project("{FAE04EC0-301F-11D3-BF4B-00C04F79EFBC}") = "MixologyJournal.OSX", "..\MixologyJournalApp\MixologyJournalApp.OSX\MixologyJournal.OSX\MixologyJournal.OSX.csproj", "{C0B144BC-6C63-4D7D-B886-CBB18524474C}"
EndProject
Project("{FAE04EC0-301F-11D3-BF4B-00C04F79EFBC}") = "MixologyJournalApp.iOS", "..\MixologyJournalApp\MixologyJournalApp.iOS\MixologyJournalApp.iOS.csproj", "{C51C6F46-AAE4-42D1-95A0-5343BEC12264}"
EndProject
Global
	GlobalSection(SolutionConfigurationPlatforms) = preSolution
		Debug|Any CPU = Debug|Any CPU
		Debug|ARM = Debug|ARM
		Debug|iPhone = Debug|iPhone
		Debug|iPhoneSimulator = Debug|iPhoneSimulator
		Debug|x64 = Debug|x64
		Debug|x86 = Debug|x86
		Release|Any CPU = Release|Any CPU
		Release|ARM = Release|ARM
		Release|iPhone = Release|iPhone
		Release|iPhoneSimulator = Release|iPhoneSimulator
		Release|x64 = Release|x64
		Release|x86 = Release|x86
	EndGlobalSection
	GlobalSection(ProjectConfigurationPlatforms) = postSolution
		{5205DBC9-1CCD-4526-AB8C-B7483C7947C0}.Debug|Any CPU.ActiveCfg = Debug|x86
		{5205DBC9-1CCD-4526-AB8C-B7483C7947C0}.Debug|ARM.ActiveCfg = Debug|ARM
		{5205DBC9-1CCD-4526-AB8C-B7483C7947C0}.Debug|ARM.Build.0 = Debug|ARM
		{5205DBC9-1CCD-4526-AB8C-B7483C7947C0}.Debug|ARM.Deploy.0 = Debug|ARM
		{5205DBC9-1CCD-4526-AB8C-B7483C7947C0}.Debug|iPhone.ActiveCfg = Debug|x86
		{5205DBC9-1CCD-4526-AB8C-B7483C7947C0}.Debug|iPhoneSimulator.ActiveCfg = Debug|x86
		{5205DBC9-1CCD-4526-AB8C-B7483C7947C0}.Debug|x64.ActiveCfg = Debug|x64
		{5205DBC9-1CCD-4526-AB8C-B7483C7947C0}.Debug|x64.Build.0 = Debug|x64
		{5205DBC9-1CCD-4526-AB8C-B7483C7947C0}.Debug|x64.Deploy.0 = Debug|x64
		{5205DBC9-1CCD-4526-AB8C-B7483C7947C0}.Debug|x86.ActiveCfg = Debug|x86
		{5205DBC9-1CCD-4526-AB8C-B7483C7947C0}.Debug|x86.Build.0 = Debug|x86
		{5205DBC9-1CCD-4526-AB8C-B7483C7947C0}.Debug|x86.Deploy.0 = Debug|x86
		{5205DBC9-1CCD-4526-AB8C-B7483C7947C0}.Release|Any CPU.ActiveCfg = Release|x86
		{5205DBC9-1CCD-4526-AB8C-B7483C7947C0}.Release|ARM.ActiveCfg = Release|ARM
		{5205DBC9-1CCD-4526-AB8C-B7483C7947C0}.Release|ARM.Build.0 = Release|ARM
		{5205DBC9-1CCD-4526-AB8C-B7483C7947C0}.Release|ARM.Deploy.0 = Release|ARM
		{5205DBC9-1CCD-4526-AB8C-B7483C7947C0}.Release|iPhone.ActiveCfg = Release|x86
		{5205DBC9-1CCD-4526-AB8C-B7483C7947C0}.Release|iPhoneSimulator.ActiveCfg = Release|x86
		{5205DBC9-1CCD-4526-AB8C-B7483C7947C0}.Release|x64.ActiveCfg = Release|x64
		{5205DBC9-1CCD-4526-AB8C-B7483C7947C0}.Release|x64.Build.0 = Release|x64
		{5205DBC9-1CCD-4526-AB8C-B7483C7947C0}.Release|x64.Deploy.0 = Release|x64
		{5205DBC9-1CCD-4526-AB8C-B7483C7947C0}.Release|x86.ActiveCfg = Release|x86
		{5205DBC9-1CCD-4526-AB8C-B7483C7947C0}.Release|x86.Build.0 = Release|x86
		{5205DBC9-1CCD-4526-AB8C-B7483C7947C0}.Release|x86.Deploy.0 = Release|x86
		{F587F6A9-DDD1-4BA2-AECF-3A7D8803B325}.Debug|Any CPU.ActiveCfg = Debug|Any CPU
		{F587F6A9-DDD1-4BA2-AECF-3A7D8803B325}.Debug|Any CPU.Build.0 = Debug|Any CPU
		{F587F6A9-DDD1-4BA2-AECF-3A7D8803B325}.Debug|Any CPU.Deploy.0 = Debug|Any CPU
		{F587F6A9-DDD1-4BA2-AECF-3A7D8803B325}.Debug|ARM.ActiveCfg = Debug|Any CPU
		{F587F6A9-DDD1-4BA2-AECF-3A7D8803B325}.Debug|ARM.Build.0 = Debug|Any CPU
		{F587F6A9-DDD1-4BA2-AECF-3A7D8803B325}.Debug|ARM.Deploy.0 = Debug|Any CPU
		{F587F6A9-DDD1-4BA2-AECF-3A7D8803B325}.Debug|iPhone.ActiveCfg = Debug|Any CPU
		{F587F6A9-DDD1-4BA2-AECF-3A7D8803B325}.Debug|iPhone.Build.0 = Debug|Any CPU
		{F587F6A9-DDD1-4BA2-AECF-3A7D8803B325}.Debug|iPhone.Deploy.0 = Debug|Any CPU
		{F587F6A9-DDD1-4BA2-AECF-3A7D8803B325}.Debug|iPhoneSimulator.ActiveCfg = Debug|Any CPU
		{F587F6A9-DDD1-4BA2-AECF-3A7D8803B325}.Debug|iPhoneSimulator.Build.0 = Debug|Any CPU
		{F587F6A9-DDD1-4BA2-AECF-3A7D8803B325}.Debug|iPhoneSimulator.Deploy.0 = Debug|Any CPU
		{F587F6A9-DDD1-4BA2-AECF-3A7D8803B325}.Debug|x64.ActiveCfg = Debug|Any CPU
		{F587F6A9-DDD1-4BA2-AECF-3A7D8803B325}.Debug|x64.Build.0 = Debug|Any CPU
		{F587F6A9-DDD1-4BA2-AECF-3A7D8803B325}.Debug|x64.Deploy.0 = Debug|Any CPU
		{F587F6A9-DDD1-4BA2-AECF-3A7D8803B325}.Debug|x86.ActiveCfg = Debug|Any CPU
		{F587F6A9-DDD1-4BA2-AECF-3A7D8803B325}.Debug|x86.Build.0 = Debug|Any CPU
		{F587F6A9-DDD1-4BA2-AECF-3A7D8803B325}.Debug|x86.Deploy.0 = Debug|Any CPU
		{F587F6A9-DDD1-4BA2-AECF-3A7D8803B325}.Release|Any CPU.ActiveCfg = Release|Any CPU
		{F587F6A9-DDD1-4BA2-AECF-3A7D8803B325}.Release|Any CPU.Build.0 = Release|Any CPU
		{F587F6A9-DDD1-4BA2-AECF-3A7D8803B325}.Release|Any CPU.Deploy.0 = Release|Any CPU
		{F587F6A9-DDD1-4BA2-AECF-3A7D8803B325}.Release|ARM.ActiveCfg = Release|Any CPU
		{F587F6A9-DDD1-4BA2-AECF-3A7D8803B325}.Release|ARM.Build.0 = Release|Any CPU
		{F587F6A9-DDD1-4BA2-AECF-3A7D8803B325}.Release|ARM.Deploy.0 = Release|Any CPU
		{F587F6A9-DDD1-4BA2-AECF-3A7D8803B325}.Release|iPhone.ActiveCfg = Release|Any CPU
		{F587F6A9-DDD1-4BA2-AECF-3A7D8803B325}.Release|iPhone.Build.0 = Release|Any CPU
		{F587F6A9-DDD1-4BA2-AECF-3A7D8803B325}.Release|iPhone.Deploy.0 = Release|Any CPU
		{F587F6A9-DDD1-4BA2-AECF-3A7D8803B325}.Release|iPhoneSimulator.ActiveCfg = Release|Any CPU
		{F587F6A9-DDD1-4BA2-AECF-3A7D8803B325}.Release|iPhoneSimulator.Build.0 = Release|Any CPU
		{F587F6A9-DDD1-4BA2-AECF-3A7D8803B325}.Release|iPhoneSimulator.Deploy.0 = Release|Any CPU
		{F587F6A9-DDD1-4BA2-AECF-3A7D8803B325}.Release|x64.ActiveCfg = Release|Any CPU
		{F587F6A9-DDD1-4BA2-AECF-3A7D8803B325}.Release|x64.Build.0 = Release|Any CPU
		{F587F6A9-DDD1-4BA2-AECF-3A7D8803B325}.Release|x64.Deploy.0 = Release|Any CPU
		{F587F6A9-DDD1-4BA2-AECF-3A7D8803B325}.Release|x86.ActiveCfg = Release|Any CPU
		{F587F6A9-DDD1-4BA2-AECF-3A7D8803B325}.Release|x86.Build.0 = Release|Any CPU
		{F587F6A9-DDD1-4BA2-AECF-3A7D8803B325}.Release|x86.Deploy.0 = Release|Any CPU
		{F95EE3DC-ED8D-4DEA-B3EB-56925C07351E}.Debug|Any CPU.ActiveCfg = Debug|Any CPU
		{F95EE3DC-ED8D-4DEA-B3EB-56925C07351E}.Debug|Any CPU.Build.0 = Debug|Any CPU
		{F95EE3DC-ED8D-4DEA-B3EB-56925C07351E}.Debug|ARM.ActiveCfg = Debug|Any CPU
		{F95EE3DC-ED8D-4DEA-B3EB-56925C07351E}.Debug|ARM.Build.0 = Debug|Any CPU
		{F95EE3DC-ED8D-4DEA-B3EB-56925C07351E}.Debug|iPhone.ActiveCfg = Debug|Any CPU
		{F95EE3DC-ED8D-4DEA-B3EB-56925C07351E}.Debug|iPhone.Build.0 = Debug|Any CPU
		{F95EE3DC-ED8D-4DEA-B3EB-56925C07351E}.Debug|iPhoneSimulator.ActiveCfg = Debug|Any CPU
		{F95EE3DC-ED8D-4DEA-B3EB-56925C07351E}.Debug|iPhoneSimulator.Build.0 = Debug|Any CPU
		{F95EE3DC-ED8D-4DEA-B3EB-56925C07351E}.Debug|x64.ActiveCfg = Debug|Any CPU
		{F95EE3DC-ED8D-4DEA-B3EB-56925C07351E}.Debug|x64.Build.0 = Debug|Any CPU
		{F95EE3DC-ED8D-4DEA-B3EB-56925C07351E}.Debug|x86.ActiveCfg = Debug|Any CPU
		{F95EE3DC-ED8D-4DEA-B3EB-56925C07351E}.Debug|x86.Build.0 = Debug|Any CPU
		{F95EE3DC-ED8D-4DEA-B3EB-56925C07351E}.Release|Any CPU.ActiveCfg = Release|Any CPU
		{F95EE3DC-ED8D-4DEA-B3EB-56925C07351E}.Release|Any CPU.Build.0 = Release|Any CPU
		{F95EE3DC-ED8D-4DEA-B3EB-56925C07351E}.Release|ARM.ActiveCfg = Release|Any CPU
		{F95EE3DC-ED8D-4DEA-B3EB-56925C07351E}.Release|ARM.Build.0 = Release|Any CPU
		{F95EE3DC-ED8D-4DEA-B3EB-56925C07351E}.Release|iPhone.ActiveCfg = Release|Any CPU
		{F95EE3DC-ED8D-4DEA-B3EB-56925C07351E}.Release|iPhone.Build.0 = Release|Any CPU
		{F95EE3DC-ED8D-4DEA-B3EB-56925C07351E}.Release|iPhoneSimulator.ActiveCfg = Release|Any CPU
		{F95EE3DC-ED8D-4DEA-B3EB-56925C07351E}.Release|iPhoneSimulator.Build.0 = Release|Any CPU
		{F95EE3DC-ED8D-4DEA-B3EB-56925C07351E}.Release|x64.ActiveCfg = Release|Any CPU
		{F95EE3DC-ED8D-4DEA-B3EB-56925C07351E}.Release|x64.Build.0 = Release|Any CPU
		{F95EE3DC-ED8D-4DEA-B3EB-56925C07351E}.Release|x86.ActiveCfg = Release|Any CPU
		{F95EE3DC-ED8D-4DEA-B3EB-56925C07351E}.Release|x86.Build.0 = Release|Any CPU
		{73F29F1F-D94D-4460-9551-1393F61F7CAF}.Debug|Any CPU.ActiveCfg = Debug|Any CPU
		{73F29F1F-D94D-4460-9551-1393F61F7CAF}.Debug|Any CPU.Build.0 = Debug|Any CPU
		{73F29F1F-D94D-4460-9551-1393F61F7CAF}.Debug|ARM.ActiveCfg = Debug|Any CPU
		{73F29F1F-D94D-4460-9551-1393F61F7CAF}.Debug|ARM.Build.0 = Debug|Any CPU
		{73F29F1F-D94D-4460-9551-1393F61F7CAF}.Debug|iPhone.ActiveCfg = Debug|Any CPU
		{73F29F1F-D94D-4460-9551-1393F61F7CAF}.Debug|iPhone.Build.0 = Debug|Any CPU
		{73F29F1F-D94D-4460-9551-1393F61F7CAF}.Debug|iPhoneSimulator.ActiveCfg = Debug|Any CPU
		{73F29F1F-D94D-4460-9551-1393F61F7CAF}.Debug|iPhoneSimulator.Build.0 = Debug|Any CPU
		{73F29F1F-D94D-4460-9551-1393F61F7CAF}.Debug|x64.ActiveCfg = Debug|Any CPU
		{73F29F1F-D94D-4460-9551-1393F61F7CAF}.Debug|x64.Build.0 = Debug|Any CPU
		{73F29F1F-D94D-4460-9551-1393F61F7CAF}.Debug|x86.ActiveCfg = Debug|Any CPU
		{73F29F1F-D94D-4460-9551-1393F61F7CAF}.Debug|x86.Build.0 = Debug|Any CPU
		{73F29F1F-D94D-4460-9551-1393F61F7CAF}.Release|Any CPU.ActiveCfg = Release|Any CPU
		{73F29F1F-D94D-4460-9551-1393F61F7CAF}.Release|Any CPU.Build.0 = Release|Any CPU
		{73F29F1F-D94D-4460-9551-1393F61F7CAF}.Release|ARM.ActiveCfg = Release|Any CPU
		{73F29F1F-D94D-4460-9551-1393F61F7CAF}.Release|ARM.Build.0 = Release|Any CPU
		{73F29F1F-D94D-4460-9551-1393F61F7CAF}.Release|iPhone.ActiveCfg = Release|Any CPU
		{73F29F1F-D94D-4460-9551-1393F61F7CAF}.Release|iPhone.Build.0 = Release|Any CPU
		{73F29F1F-D94D-4460-9551-1393F61F7CAF}.Release|iPhoneSimulator.ActiveCfg = Release|Any CPU
		{73F29F1F-D94D-4460-9551-1393F61F7CAF}.Release|iPhoneSimulator.Build.0 = Release|Any CPU
		{73F29F1F-D94D-4460-9551-1393F61F7CAF}.Release|x64.ActiveCfg = Release|Any CPU
		{73F29F1F-D94D-4460-9551-1393F61F7CAF}.Release|x64.Build.0 = Release|Any CPU
		{73F29F1F-D94D-4460-9551-1393F61F7CAF}.Release|x86.ActiveCfg = Release|Any CPU
		{73F29F1F-D94D-4460-9551-1393F61F7CAF}.Release|x86.Build.0 = Release|Any CPU
		{C0B144BC-6C63-4D7D-B886-CBB18524474C}.Debug|Any CPU.ActiveCfg = Debug|Any CPU
		{C0B144BC-6C63-4D7D-B886-CBB18524474C}.Debug|Any CPU.Build.0 = Debug|Any CPU
		{C0B144BC-6C63-4D7D-B886-CBB18524474C}.Debug|ARM.ActiveCfg = Debug|Any CPU
		{C0B144BC-6C63-4D7D-B886-CBB18524474C}.Debug|ARM.Build.0 = Debug|Any CPU
		{C0B144BC-6C63-4D7D-B886-CBB18524474C}.Debug|iPhone.ActiveCfg = Debug|Any CPU
		{C0B144BC-6C63-4D7D-B886-CBB18524474C}.Debug|iPhone.Build.0 = Debug|Any CPU
		{C0B144BC-6C63-4D7D-B886-CBB18524474C}.Debug|iPhoneSimulator.ActiveCfg = Debug|Any CPU
		{C0B144BC-6C63-4D7D-B886-CBB18524474C}.Debug|iPhoneSimulator.Build.0 = Debug|Any CPU
		{C0B144BC-6C63-4D7D-B886-CBB18524474C}.Debug|x64.ActiveCfg = Debug|Any CPU
		{C0B144BC-6C63-4D7D-B886-CBB18524474C}.Debug|x64.Build.0 = Debug|Any CPU
		{C0B144BC-6C63-4D7D-B886-CBB18524474C}.Debug|x86.ActiveCfg = Debug|Any CPU
		{C0B144BC-6C63-4D7D-B886-CBB18524474C}.Debug|x86.Build.0 = Debug|Any CPU
		{C0B144BC-6C63-4D7D-B886-CBB18524474C}.Release|Any CPU.ActiveCfg = Release|Any CPU
		{C0B144BC-6C63-4D7D-B886-CBB18524474C}.Release|Any CPU.Build.0 = Release|Any CPU
		{C0B144BC-6C63-4D7D-B886-CBB18524474C}.Release|ARM.ActiveCfg = Release|Any CPU
		{C0B144BC-6C63-4D7D-B886-CBB18524474C}.Release|ARM.Build.0 = Release|Any CPU
		{C0B144BC-6C63-4D7D-B886-CBB18524474C}.Release|iPhone.ActiveCfg = Release|Any CPU
		{C0B144BC-6C63-4D7D-B886-CBB18524474C}.Release|iPhone.Build.0 = Release|Any CPU
		{C0B144BC-6C63-4D7D-B886-CBB18524474C}.Release|iPhoneSimulator.ActiveCfg = Release|Any CPU
		{C0B144BC-6C63-4D7D-B886-CBB18524474C}.Release|iPhoneSimulator.Build.0 = Release|Any CPU
		{C0B144BC-6C63-4D7D-B886-CBB18524474C}.Release|x64.ActiveCfg = Release|Any CPU
		{C0B144BC-6C63-4D7D-B886-CBB18524474C}.Release|x64.Build.0 = Release|Any CPU
		{C0B144BC-6C63-4D7D-B886-CBB18524474C}.Release|x86.ActiveCfg = Release|Any CPU
		{C0B144BC-6C63-4D7D-B886-CBB18524474C}.Release|x86.Build.0 = Release|Any CPU
		{C51C6F46-AAE4-42D1-95A0-5343BEC12264}.Debug|Any CPU.ActiveCfg = Debug|iPhone
		{C51C6F46-AAE4-42D1-95A0-5343BEC12264}.Debug|ARM.ActiveCfg = Debug|iPhone
		{C51C6F46-AAE4-42D1-95A0-5343BEC12264}.Debug|iPhone.ActiveCfg = Debug|iPhone
		{C51C6F46-AAE4-42D1-95A0-5343BEC12264}.Debug|iPhone.Build.0 = Debug|iPhone
		{C51C6F46-AAE4-42D1-95A0-5343BEC12264}.Debug|iPhoneSimulator.ActiveCfg = Debug|iPhoneSimulator
		{C51C6F46-AAE4-42D1-95A0-5343BEC12264}.Debug|iPhoneSimulator.Build.0 = Debug|iPhoneSimulator
		{C51C6F46-AAE4-42D1-95A0-5343BEC12264}.Debug|x64.ActiveCfg = Debug|iPhone
		{C51C6F46-AAE4-42D1-95A0-5343BEC12264}.Debug|x86.ActiveCfg = Debug|iPhone
		{C51C6F46-AAE4-42D1-95A0-5343BEC12264}.Release|Any CPU.ActiveCfg = Release|iPhone
		{C51C6F46-AAE4-42D1-95A0-5343BEC12264}.Release|ARM.ActiveCfg = Release|iPhone
		{C51C6F46-AAE4-42D1-95A0-5343BEC12264}.Release|iPhone.ActiveCfg = Release|iPhone
		{C51C6F46-AAE4-42D1-95A0-5343BEC12264}.Release|iPhone.Build.0 = Release|iPhone
		{C51C6F46-AAE4-42D1-95A0-5343BEC12264}.Release|iPhoneSimulator.ActiveCfg = Release|iPhoneSimulator
		{C51C6F46-AAE4-42D1-95A0-5343BEC12264}.Release|iPhoneSimulator.Build.0 = Release|iPhoneSimulator
		{C51C6F46-AAE4-42D1-95A0-5343BEC12264}.Release|x64.ActiveCfg = Release|iPhone
		{C51C6F46-AAE4-42D1-95A0-5343BEC12264}.Release|x86.ActiveCfg = Release|iPhone
	EndGlobalSection
	GlobalSection(SolutionProperties) = preSolution
		HideSolutionNode = FALSE
	EndGlobalSection
	GlobalSection(ExtensibilityGlobals) = postSolution
		SolutionGuid = {9DD96C10-16D3-4401-B887-8D58E2E280B9}
	EndGlobalSection
EndGlobal
